
Microsoft Visual Studio Solution File, Format Version 12.00
# Visual Studio Version 17
VisualStudioVersion = 17.14.36603.0 d17.14
MinimumVisualStudioVersion = 10.0.40219.1
Project("{FAE04EC0-301F-11D3-BF4B-00C04F79EFBC}") = "Day1_Activity5_Console", "Day1_Activity5_Console.csproj", "{857BC9E9-70E1-4777-A001-F246EE08315C}"
EndProject
Global
	GlobalSection(SolutionConfigurationPlatforms) = preSolution
		Debug|Any CPU = Debug|Any CPU
		Release|Any CPU = Release|Any CPU
	EndGlobalSection
	GlobalSection(ProjectConfigurationPlatforms) = postSolution
		{857BC9E9-70E1-4777-A001-F246EE08315C}.Debug|Any CPU.ActiveCfg = Debug|Any CPU
		{857BC9E9-70E1-4777-A001-F246EE08315C}.Debug|Any CPU.Build.0 = Debug|Any CPU
		{857BC9E9-70E1-4777-A001-F246EE08315C}.Release|Any CPU.ActiveCfg = Release|Any CPU
		{857BC9E9-70E1-4777-A001-F246EE08315C}.Release|Any CPU.Build.0 = Release|Any CPU
	EndGlobalSection
	GlobalSection(SolutionProperties) = preSolution
		HideSolutionNode = FALSE
	EndGlobalSection
	GlobalSection(ExtensibilityGlobals) = postSolution
		SolutionGuid = {D593949A-52CE-4525-AEC5-8EBBE686416C}
	EndGlobalSection
EndGlobal
