
Microsoft Visual Studio Solution File, Format Version 12.00
# Visual Studio Version 18
VisualStudioVersion = 18.6.11723.189 insiders
MinimumVisualStudioVersion = 10.0.40219.1
Project("{FAE04EC0-301F-11D3-BF4B-00C04F79EFBC}") = "Day1_Activity1_Console new", "Day1_Activity1_Console new.csproj", "{1C21D980-0DD6-42D3-92C1-17578713DD6D}"
EndProject
Project("{FAE04EC0-301F-11D3-BF4B-00C04F79EFBC}") = "Day1_Activity1_WPF", "Day1_Activity1_WPF\Day1_Activity1_WPF.csproj", "{08F6B9BD-B8BE-4414-9601-13374681CAB8}"
EndProject
Global
	GlobalSection(SolutionConfigurationPlatforms) = preSolution
		Debug|Any CPU = Debug|Any CPU
		Release|Any CPU = Release|Any CPU
	EndGlobalSection
	GlobalSection(ProjectConfigurationPlatforms) = postSolution
		{1C21D980-0DD6-42D3-92C1-17578713DD6D}.Debug|Any CPU.ActiveCfg = Debug|Any CPU
		{1C21D980-0DD6-42D3-92C1-17578713DD6D}.Debug|Any CPU.Build.0 = Debug|Any CPU
		{1C21D980-0DD6-42D3-92C1-17578713DD6D}.Release|Any CPU.ActiveCfg = Release|Any CPU
		{1C21D980-0DD6-42D3-92C1-17578713DD6D}.Release|Any CPU.Build.0 = Release|Any CPU
		{08F6B9BD-B8BE-4414-9601-13374681CAB8}.Debug|Any CPU.ActiveCfg = Debug|Any CPU
		{08F6B9BD-B8BE-4414-9601-13374681CAB8}.Debug|Any CPU.Build.0 = Debug|Any CPU
		{08F6B9BD-B8BE-4414-9601-13374681CAB8}.Release|Any CPU.ActiveCfg = Release|Any CPU
		{08F6B9BD-B8BE-4414-9601-13374681CAB8}.Release|Any CPU.Build.0 = Release|Any CPU
	EndGlobalSection
	GlobalSection(SolutionProperties) = preSolution
		HideSolutionNode = FALSE
	EndGlobalSection
	GlobalSection(ExtensibilityGlobals) = postSolution
		SolutionGuid = {78587635-0E8D-4673-8C6D-3016F33E0972}
	EndGlobalSection
EndGlobal
