
Microsoft Visual Studio Solution File, Format Version 12.00
# Visual Studio Version 17
VisualStudioVersion = 17.10.34928.147
MinimumVisualStudioVersion = 10.0.40219.1
Project("{FAE04EC0-301F-11D3-BF4B-00C04F79EFBC}") = "Day3_Activity1_Console", "Day3_Activity1_Console\Day3_Activity1_Console.csproj", "{6AFEF4D5-7521-41E3-A388-860F005CDDAC}"
EndProject
Project("{FAE04EC0-301F-11D3-BF4B-00C04F79EFBC}") = "Day3_Activity2_Console", "Day3_Activity2_Console\Day3_Activity2_Console.csproj", "{61E6B02D-03DD-40B9-9655-D431B48D5817}"
EndProject
Project("{FAE04EC0-301F-11D3-BF4B-00C04F79EFBC}") = "Day3_Activity3_Console.", "Day3_Activity3_Console\Day3_Activity3_Console..csproj", "{AA2CFCCE-BFA8-4FC4-A76E-3AB87C9C5E64}"
EndProject
Project("{FAE04EC0-301F-11D3-BF4B-00C04F79EFBC}") = "Day3_Activity4_Console", "Day3_Activity4_Console\Day3_Activity4_Console.csproj", "{E221A790-0000-42DB-AF28-E564A4F575C4}"
EndProject
Project("{FAE04EC0-301F-11D3-BF4B-00C04F79EFBC}") = "Day3_Activity5_Console", "Day3_Activity5_Console\Day3_Activity5_Console.csproj", "{6BBCF927-89AF-42F5-9879-82CEE9A47B7E}"
EndProject
Project("{FAE04EC0-301F-11D3-BF4B-00C04F79EFBC}") = "Day3_Activity6_Console", "Day3_Activity6_Console\Day3_Activity6_Console.csproj", "{834F7916-9A1F-4690-ADAC-7969EA574D04}"
EndProject
Project("{FAE04EC0-301F-11D3-BF4B-00C04F79EFBC}") = "Day3_Activity7_Console", "Day3_Activity7_Console\Day3_Activity7_Console.csproj", "{7D4A8071-DB8A-4651-8DEA-C4039AA52048}"
EndProject
Project("{FAE04EC0-301F-11D3-BF4B-00C04F79EFBC}") = "Day3_Activity8_Console", "Day3_Activity8_Console\Day3_Activity8_Console.csproj", "{C4D69BB1-191B-4168-8FC6-2D6D41322477}"
EndProject
Global
	GlobalSection(SolutionConfigurationPlatforms) = preSolution
		Debug|Any CPU = Debug|Any CPU
		Release|Any CPU = Release|Any CPU
	EndGlobalSection
	GlobalSection(ProjectConfigurationPlatforms) = postSolution
		{6AFEF4D5-7521-41E3-A388-860F005CDDAC}.Debug|Any CPU.ActiveCfg = Debug|Any CPU
		{6AFEF4D5-7521-41E3-A388-860F005CDDAC}.Debug|Any CPU.Build.0 = Debug|Any CPU
		{6AFEF4D5-7521-41E3-A388-860F005CDDAC}.Release|Any CPU.ActiveCfg = Release|Any CPU
		{6AFEF4D5-7521-41E3-A388-860F005CDDAC}.Release|Any CPU.Build.0 = Release|Any CPU
		{61E6B02D-03DD-40B9-9655-D431B48D5817}.Debug|Any CPU.ActiveCfg = Debug|Any CPU
		{61E6B02D-03DD-40B9-9655-D431B48D5817}.Debug|Any CPU.Build.0 = Debug|Any CPU
		{61E6B02D-03DD-40B9-9655-D431B48D5817}.Release|Any CPU.ActiveCfg = Release|Any CPU
		{61E6B02D-03DD-40B9-9655-D431B48D5817}.Release|Any CPU.Build.0 = Release|Any CPU
		{AA2CFCCE-BFA8-4FC4-A76E-3AB87C9C5E64}.Debug|Any CPU.ActiveCfg = Debug|Any CPU
		{AA2CFCCE-BFA8-4FC4-A76E-3AB87C9C5E64}.Debug|Any CPU.Build.0 = Debug|Any CPU
		{AA2CFCCE-BFA8-4FC4-A76E-3AB87C9C5E64}.Release|Any CPU.ActiveCfg = Release|Any CPU
		{AA2CFCCE-BFA8-4FC4-A76E-3AB87C9C5E64}.Release|Any CPU.Build.0 = Release|Any CPU
		{E221A790-0000-42DB-AF28-E564A4F575C4}.Debug|Any CPU.ActiveCfg = Debug|Any CPU
		{E221A790-0000-42DB-AF28-E564A4F575C4}.Debug|Any CPU.Build.0 = Debug|Any CPU
		{E221A790-0000-42DB-AF28-E564A4F575C4}.Release|Any CPU.ActiveCfg = Release|Any CPU
		{E221A790-0000-42DB-AF28-E564A4F575C4}.Release|Any CPU.Build.0 = Release|Any CPU
		{6BBCF927-89AF-42F5-9879-82CEE9A47B7E}.Debug|Any CPU.ActiveCfg = Debug|Any CPU
		{6BBCF927-89AF-42F5-9879-82CEE9A47B7E}.Debug|Any CPU.Build.0 = Debug|Any CPU
		{6BBCF927-89AF-42F5-9879-82CEE9A47B7E}.Release|Any CPU.ActiveCfg = Release|Any CPU
		{6BBCF927-89AF-42F5-9879-82CEE9A47B7E}.Release|Any CPU.Build.0 = Release|Any CPU
		{834F7916-9A1F-4690-ADAC-7969EA574D04}.Debug|Any CPU.ActiveCfg = Debug|Any CPU
		{834F7916-9A1F-4690-ADAC-7969EA574D04}.Debug|Any CPU.Build.0 = Debug|Any CPU
		{834F7916-9A1F-4690-ADAC-7969EA574D04}.Release|Any CPU.ActiveCfg = Release|Any CPU
		{834F7916-9A1F-4690-ADAC-7969EA574D04}.Release|Any CPU.Build.0 = Release|Any CPU
		{7D4A8071-DB8A-4651-8DEA-C4039AA52048}.Debug|Any CPU.ActiveCfg = Debug|Any CPU
		{7D4A8071-DB8A-4651-8DEA-C4039AA52048}.Debug|Any CPU.Build.0 = Debug|Any CPU
		{7D4A8071-DB8A-4651-8DEA-C4039AA52048}.Release|Any CPU.ActiveCfg = Release|Any CPU
		{7D4A8071-DB8A-4651-8DEA-C4039AA52048}.Release|Any CPU.Build.0 = Release|Any CPU
		{C4D69BB1-191B-4168-8FC6-2D6D41322477}.Debug|Any CPU.ActiveCfg = Debug|Any CPU
		{C4D69BB1-191B-4168-8FC6-2D6D41322477}.Debug|Any CPU.Build.0 = Debug|Any CPU
		{C4D69BB1-191B-4168-8FC6-2D6D41322477}.Release|Any CPU.ActiveCfg = Release|Any CPU
		{C4D69BB1-191B-4168-8FC6-2D6D41322477}.Release|Any CPU.Build.0 = Release|Any CPU
	EndGlobalSection
	GlobalSection(SolutionProperties) = preSolution
		HideSolutionNode = FALSE
	EndGlobalSection
	GlobalSection(ExtensibilityGlobals) = postSolution
		SolutionGuid = {58144A6C-2850-443D-AFD6-123FA4F60B8A}
	EndGlobalSection
EndGlobal
