
Microsoft Visual Studio Solution File, Format Version 12.00
# Visual Studio Version 17
VisualStudioVersion = 17.14.36603.0 d17.14
MinimumVisualStudioVersion = 10.0.40219.1
Project("{FAE04EC0-301F-11D3-BF4B-00C04F79EFBC}") = "Day1_Activity1_Console new", "Day1_Activity1_Console new.csproj", "{1C21D980-0DD6-42D3-92C1-17578713DD6D}"
EndProject
Global
	GlobalSection(SolutionConfigurationPlatforms) = preSolution
		Debug|Any CPU = Debug|Any CPU
		Release|Any CPU = Release|Any CPU
	EndGlobalSection
	GlobalSection(ProjectConfigurationPlatforms) = postSolution
		{1C21D980-0DD6-42D3-92C1-17578713DD6D}.Debug|Any CPU.ActiveCfg = Debug|Any CPU
		{1C21D980-0DD6-42D3-92C1-17578713DD6D}.Debug|Any CPU.Build.0 = Debug|Any CPU
		{1C21D980-0DD6-42D3-92C1-17578713DD6D}.Release|Any CPU.ActiveCfg = Release|Any CPU
		{1C21D980-0DD6-42D3-92C1-17578713DD6D}.Release|Any CPU.Build.0 = Release|Any CPU
	EndGlobalSection
	GlobalSection(SolutionProperties) = preSolution
		HideSolutionNode = FALSE
	EndGlobalSection
	GlobalSection(ExtensibilityGlobals) = postSolution
		SolutionGuid = {78587635-0E8D-4673-8C6D-3016F33E0972}
	EndGlobalSection
EndGlobal
