
Microsoft Visual Studio Solution File, Format Version 12.00
# Visual Studio Version 18
VisualStudioVersion = 18.6.11723.189 insiders
MinimumVisualStudioVersion = 10.0.40219.1
Project("{FAE04EC0-301F-11D3-BF4B-00C04F79EFBC}") = "Day1_Activity2_Console", "Day1_Activity2_Console.csproj", "{6E137AAA-762B-4B79-A325-8CAD8E22B5FE}"
EndProject
Project("{FAE04EC0-301F-11D3-BF4B-00C04F79EFBC}") = "Day1_Activity2_WPF", "Day1_Activity2_WPF\Day1_Activity2_WPF.csproj", "{84E33692-FA11-4F80-B77B-8E366B07131F}"
EndProject
Global
	GlobalSection(SolutionConfigurationPlatforms) = preSolution
		Debug|Any CPU = Debug|Any CPU
		Release|Any CPU = Release|Any CPU
	EndGlobalSection
	GlobalSection(ProjectConfigurationPlatforms) = postSolution
		{6E137AAA-762B-4B79-A325-8CAD8E22B5FE}.Debug|Any CPU.ActiveCfg = Debug|Any CPU
		{6E137AAA-762B-4B79-A325-8CAD8E22B5FE}.Debug|Any CPU.Build.0 = Debug|Any CPU
		{6E137AAA-762B-4B79-A325-8CAD8E22B5FE}.Release|Any CPU.ActiveCfg = Release|Any CPU
		{6E137AAA-762B-4B79-A325-8CAD8E22B5FE}.Release|Any CPU.Build.0 = Release|Any CPU
		{84E33692-FA11-4F80-B77B-8E366B07131F}.Debug|Any CPU.ActiveCfg = Debug|Any CPU
		{84E33692-FA11-4F80-B77B-8E366B07131F}.Debug|Any CPU.Build.0 = Debug|Any CPU
		{84E33692-FA11-4F80-B77B-8E366B07131F}.Release|Any CPU.ActiveCfg = Release|Any CPU
		{84E33692-FA11-4F80-B77B-8E366B07131F}.Release|Any CPU.Build.0 = Release|Any CPU
	EndGlobalSection
	GlobalSection(SolutionProperties) = preSolution
		HideSolutionNode = FALSE
	EndGlobalSection
	GlobalSection(ExtensibilityGlobals) = postSolution
		SolutionGuid = {8E49A1EC-0A11-43EE-8B7D-9B8DB03DA0A9}
	EndGlobalSection
EndGlobal
